
Microsoft Visual Studio Solution File, Format Version 12.00
# Visual Studio 14
VisualStudioVersion = 14.0.25420.1
MinimumVisualStudioVersion = 10.0.40219.1
Project("{FAE04EC0-301F-11D3-BF4B-00C04F79EFBC}") = "ProfileSelect", "ProfileSelect\ProfileSelect.csproj", "{D4A9326F-232D-4280-90BE-079AAABE4907}"
EndProject
Project("{FAE04EC0-301F-11D3-BF4B-00C04F79EFBC}") = "Translate", "Translate\Translate.csproj", "{9C2F416D-90EF-4491-956D-DBC2212E3B2F}"
EndProject
Global
	GlobalSection(SolutionConfigurationPlatforms) = preSolution
		Debug|Any CPU = Debug|Any CPU
		Release|Any CPU = Release|Any CPU
	EndGlobalSection
	GlobalSection(ProjectConfigurationPlatforms) = postSolution
		{D4A9326F-232D-4280-90BE-079AAABE4907}.Debug|Any CPU.ActiveCfg = Debug|Any CPU
		{D4A9326F-232D-4280-90BE-079AAABE4907}.Debug|Any CPU.Build.0 = Debug|Any CPU
		{D4A9326F-232D-4280-90BE-079AAABE4907}.Release|Any CPU.ActiveCfg = Release|Any CPU
		{D4A9326F-232D-4280-90BE-079AAABE4907}.Release|Any CPU.Build.0 = Release|Any CPU
		{9C2F416D-90EF-4491-956D-DBC2212E3B2F}.Debug|Any CPU.ActiveCfg = Debug|Any CPU
		{9C2F416D-90EF-4491-956D-DBC2212E3B2F}.Debug|Any CPU.Build.0 = Debug|Any CPU
		{9C2F416D-90EF-4491-956D-DBC2212E3B2F}.Release|Any CPU.ActiveCfg = Release|Any CPU
		{9C2F416D-90EF-4491-956D-DBC2212E3B2F}.Release|Any CPU.Build.0 = Release|Any CPU
	EndGlobalSection
	GlobalSection(SolutionProperties) = preSolution
		HideSolutionNode = FALSE
	EndGlobalSection
EndGlobal
